// !$*UTF8*$!
{
	archiveVersion = 1;
	classes = {
	};
	objectVersion = 46;
	objects = {

/* Begin PBXBuildFile section */
		7DED39BC1C53874E005143C2 /* AppDelegate.swift in Sources */ = {isa = PBXBuildFile; fileRef = 7DED39BB1C53874E005143C2 /* AppDelegate.swift */; };
		7DED39BE1C53874E005143C2 /* FirstViewController.swift in Sources */ = {isa = PBXBuildFile; fileRef = 7DED39BD1C53874E005143C2 /* FirstViewController.swift */; };
		7DED39C01C53874E005143C2 /* SecondViewController.swift in Sources */ = {isa = PBXBuildFile; fileRef = 7DED39BF1C53874E005143C2 /* SecondViewController.swift */; };
		7DED39C31C53874E005143C2 /* Main.storyboard in Resources */ = {isa = PBXBuildFile; fileRef = 7DED39C11C53874E005143C2 /* Main.storyboard */; };
		7DED39C51C53874E005143C2 /* Assets.xcassets in Resources */ = {isa = PBXBuildFile; fileRef = 7DED39C41C53874E005143C2 /* Assets.xcassets */; };
		7DED39C81C53874E005143C2 /* LaunchScreen.storyboard in Resources */ = {isa = PBXBuildFile; fileRef = 7DED39C61C53874E005143C2 /* LaunchScreen.storyboard */; };
		7DED39D31C53874E005143C2 /* FinalPennAppsTests.swift in Sources */ = {isa = PBXBuildFile; fileRef = 7DED39D21C53874E005143C2 /* FinalPennAppsTests.swift */; };
		7DED39DE1C53874E005143C2 /* FinalPennAppsUITests.swift in Sources */ = {isa = PBXBuildFile; fileRef = 7DED39DD1C53874E005143C2 /* FinalPennAppsUITests.swift */; };
		7DED39EC1C5387D6005143C2 /* ThirdViewController.swift in Sources */ = {isa = PBXBuildFile; fileRef = 7DED39EB1C5387D6005143C2 /* ThirdViewController.swift */; };
		7DED39EE1C539377005143C2 /* FourthViewController.swift in Sources */ = {isa = PBXBuildFile; fileRef = 7DED39ED1C539377005143C2 /* FourthViewController.swift */; };
/* End PBXBuildFile section */

/* Begin PBXContainerItemProxy section */
		7DED39CF1C53874E005143C2 /* PBXContainerItemProxy */ = {
			isa = PBXContainerItemProxy;
			containerPortal = 7DED39B01C53874E005143C2 /* Project object */;
			proxyType = 1;
			remoteGlobalIDString = 7DED39B71C53874E005143C2;
			remoteInfo = FinalPennApps;
		};
		7DED39DA1C53874E005143C2 /* PBXContainerItemProxy */ = {
			isa = PBXContainerItemProxy;
			containerPortal = 7DED39B01C53874E005143C2 /* Project object */;
			proxyType = 1;
			remoteGlobalIDString = 7DED39B71C53874E005143C2;
			remoteInfo = FinalPennApps;
		};
/* End PBXContainerItemProxy section */

/* Begin PBXFileReference section */
		7DED39B81C53874E005143C2 /* FinalPennApps.app */ = {isa = PBXFileReference; explicitFileType = wrapper.application; includeInIndex = 0; path = FinalPennApps.app; sourceTree = BUILT_PRODUCTS_DIR; };
		7DED39BB1C53874E005143C2 /* AppDelegate.swift */ = {isa = PBXFileReference; lastKnownFileType = sourcecode.swift; path = AppDelegate.swift; sourceTree = "<group>"; };
		7DED39BD1C53874E005143C2 /* FirstViewController.swift */ = {isa = PBXFileReference; lastKnownFileType = sourcecode.swift; path = FirstViewController.swift; sourceTree = "<group>"; };
		7DED39BF1C53874E005143C2 /* SecondViewController.swift */ = {isa = PBXFileReference; lastKnownFileType = sourcecode.swift; path = SecondViewController.swift; sourceTree = "<group>"; };
		7DED39C21C53874E005143C2 /* Base */ = {isa = PBXFileReference; lastKnownFileType = file.storyboard; name = Base; path = Base.lproj/Main.storyboard; sourceTree = "<group>"; };
		7DED39C41C53874E005143C2 /* Assets.xcassets */ = {isa = PBXFileReference; lastKnownFileType = folder.assetcatalog; path = Assets.xcassets; sourceTree = "<group>"; };
		7DED39C71C53874E005143C2 /* Base */ = {isa = PBXFileReference; lastKnownFileType = file.storyboard; name = Base; path = Base.lproj/LaunchScreen.storyboard; sourceTree = "<group>"; };
		7DED39C91C53874E005143C2 /* Info.plist */ = {isa = PBXFileReference; lastKnownFileType = text.plist.xml; path = Info.plist; sourceTree = "<group>"; };
		7DED39CE1C53874E005143C2 /* FinalPennAppsTests.xctest */ = {isa = PBXFileReference; explicitFileType = wrapper.cfbundle; includeInIndex = 0; path = FinalPennAppsTests.xctest; sourceTree = BUILT_PRODUCTS_DIR; };
		7DED39D21C53874E005143C2 /* FinalPennAppsTests.swift */ = {isa = PBXFileReference; lastKnownFileType = sourcecode.swift; path = FinalPennAppsTests.swift; sourceTree = "<group>"; };
		7DED39D41C53874E005143C2 /* Info.plist */ = {isa = PBXFileReference; lastKnownFileType = text.plist.xml; path = Info.plist; sourceTree = "<group>"; };
		7DED39D91C53874E005143C2 /* FinalPennAppsUITests.xctest */ = {isa = PBXFileReference; explicitFileType = wrapper.cfbundle; includeInIndex = 0; path = FinalPennAppsUITests.xctest; sourceTree = BUILT_PRODUCTS_DIR; };
		7DED39DD1C53874E005143C2 /* FinalPennAppsUITests.swift */ = {isa = PBXFileReference; lastKnownFileType = sourcecode.swift; path = FinalPennAppsUITests.swift; sourceTree = "<group>"; };
		7DED39DF1C53874E005143C2 /* Info.plist */ = {isa = PBXFileReference; lastKnownFileType = text.plist.xml; path = Info.plist; sourceTree = "<group>"; };
		7DED39EB1C5387D6005143C2 /* ThirdViewController.swift */ = {isa = PBXFileReference; fileEncoding = 4; lastKnownFileType = sourcecode.swift; path = ThirdViewController.swift; sourceTree = "<group>"; };
		7DED39ED1C539377005143C2 /* FourthViewController.swift */ = {isa = PBXFileReference; fileEncoding = 4; lastKnownFileType = sourcecode.swift; path = FourthViewController.swift; sourceTree = "<group>"; };
/* End PBXFileReference section */

/* Begin PBXFrameworksBuildPhase section */
		7DED39B51C53874E005143C2 /* Frameworks */ = {
			isa = PBXFrameworksBuildPhase;
			buildActionMask = 2147483647;
			files = (
			);
			runOnlyForDeploymentPostprocessing = 0;
		};
		7DED39CB1C53874E005143C2 /* Frameworks */ = {
			isa = PBXFrameworksBuildPhase;
			buildActionMask = 2147483647;
			files = (
			);
			runOnlyForDeploymentPostprocessing = 0;
		};
		7DED39D61C53874E005143C2 /* Frameworks */ = {
			isa = PBXFrameworksBuildPhase;
			buildActionMask = 2147483647;
			files = (
			);
			runOnlyForDeploymentPostprocessing = 0;
		};
/* End PBXFrameworksBuildPhase section */

/* Begin PBXGroup section */
		7DED39AF1C53874E005143C2 = {
			isa = PBXGroup;
			children = (
				7DED39ED1C539377005143C2 /* FourthViewController.swift */,
				7DED39BA1C53874E005143C2 /* FinalPennApps */,
				7DED39D11C53874E005143C2 /* FinalPennAppsTests */,
				7DED39DC1C53874E005143C2 /* FinalPennAppsUITests */,
				7DED39B91C53874E005143C2 /* Products */,
			);
			sourceTree = "<group>";
		};
		7DED39B91C53874E005143C2 /* Products */ = {
			isa = PBXGroup;
			children = (
				7DED39B81C53874E005143C2 /* FinalPennApps.app */,
				7DED39CE1C53874E005143C2 /* FinalPennAppsTests.xctest */,
				7DED39D91C53874E005143C2 /* FinalPennAppsUITests.xctest */,
			);
			name = Products;
			sourceTree = "<group>";
		};
		7DED39BA1C53874E005143C2 /* FinalPennApps */ = {
			isa = PBXGroup;
			children = (
				7DED39BB1C53874E005143C2 /* AppDelegate.swift */,
				7DED39BD1C53874E005143C2 /* FirstViewController.swift */,
				7DED39BF1C53874E005143C2 /* SecondViewController.swift */,
				7DED39C11C53874E005143C2 /* Main.storyboard */,
				7DED39EB1C5387D6005143C2 /* ThirdViewController.swift */,
				7DED39C41C53874E005143C2 /* Assets.xcassets */,
				7DED39C61C53874E005143C2 /* LaunchScreen.storyboard */,
				7DED39C91C53874E005143C2 /* Info.plist */,
			);
			path = FinalPennApps;
			sourceTree = "<group>";
		};
		7DED39D11C53874E005143C2 /* FinalPennAppsTests */ = {
			isa = PBXGroup;
			children = (
				7DED39D21C53874E005143C2 /* FinalPennAppsTests.swift */,
				7DED39D41C53874E005143C2 /* Info.plist */,
			);
			path = FinalPennAppsTests;
			sourceTree = "<group>";
		};
		7DED39DC1C53874E005143C2 /* FinalPennAppsUITests */ = {
			isa = PBXGroup;
			children = (
				7DED39DD1C53874E005143C2 /* FinalPennAppsUITests.swift */,
				7DED39DF1C53874E005143C2 /* Info.plist */,
			);
			path = FinalPennAppsUITests;
			sourceTree = "<group>";
		};
/* End PBXGroup section */

/* Begin PBXNativeTarget section */
		7DED39B71C53874E005143C2 /* FinalPennApps */ = {
			isa = PBXNativeTarget;
			buildConfigurationList = 7DED39E21C53874E005143C2 /* Build configuration list for PBXNativeTarget "FinalPennApps" */;
			buildPhases = (
				7DED39B41C53874E005143C2 /* Sources */,
				7DED39B51C53874E005143C2 /* Frameworks */,
				7DED39B61C53874E005143C2 /* Resources */,
			);
			buildRules = (
			);
			dependencies = (
			);
			name = FinalPennApps;
			productName = FinalPennApps;
			productReference = 7DED39B81C53874E005143C2 /* FinalPennApps.app */;
			productType = "com.apple.product-type.application";
		};
		7DED39CD1C53874E005143C2 /* FinalPennAppsTests */ = {
			isa = PBXNativeTarget;
			buildConfigurationList = 7DED39E51C53874E005143C2 /* Build configuration list for PBXNativeTarget "FinalPennAppsTests" */;
			buildPhases = (
				7DED39CA1C53874E005143C2 /* Sources */,
				7DED39CB1C53874E005143C2 /* Frameworks */,
				7DED39CC1C53874E005143C2 /* Resources */,
			);
			buildRules = (
			);
			dependencies = (
				7DED39D01C53874E005143C2 /* PBXTargetDependency */,
			);
			name = FinalPennAppsTests;
			productName = FinalPennAppsTests;
			productReference = 7DED39CE1C53874E005143C2 /* FinalPennAppsTests.xctest */;
			productType = "com.apple.product-type.bundle.unit-test";
		};
		7DED39D81C53874E005143C2 /* FinalPennAppsUITests */ = {
			isa = PBXNativeTarget;
			buildConfigurationList = 7DED39E81C53874E005143C2 /* Build configuration list for PBXNativeTarget "FinalPennAppsUITests" */;
			buildPhases = (
				7DED39D51C53874E005143C2 /* Sources */,
				7DED39D61C53874E005143C2 /* Frameworks */,
				7DED39D71C53874E005143C2 /* Resources */,
			);
			buildRules = (
			);
			dependencies = (
				7DED39DB1C53874E005143C2 /* PBXTargetDependency */,
			);
			name = FinalPennAppsUITests;
			productName = FinalPennAppsUITests;
			productReference = 7DED39D91C53874E005143C2 /* FinalPennAppsUITests.xctest */;
			productType = "com.apple.product-type.bundle.ui-testing";
		};
/* End PBXNativeTarget section */

/* Begin PBXProject section */
		7DED39B01C53874E005143C2 /* Project object */ = {
			isa = PBXProject;
			attributes = {
				LastSwiftUpdateCheck = 0720;
				LastUpgradeCheck = 0720;
				ORGANIZATIONNAME = babyllama;
				TargetAttributes = {
					7DED39B71C53874E005143C2 = {
						CreatedOnToolsVersion = 7.2;
					};
					7DED39CD1C53874E005143C2 = {
						CreatedOnToolsVersion = 7.2;
						TestTargetID = 7DED39B71C53874E005143C2;
					};
					7DED39D81C53874E005143C2 = {
						CreatedOnToolsVersion = 7.2;
						TestTargetID = 7DED39B71C53874E005143C2;
					};
				};
			};
			buildConfigurationList = 7DED39B31C53874E005143C2 /* Build configuration list for PBXProject "FinalPennApps" */;
			compatibilityVersion = "Xcode 3.2";
			developmentRegion = English;
			hasScannedForEncodings = 0;
			knownRegions = (
				en,
				Base,
			);
			mainGroup = 7DED39AF1C53874E005143C2;
			productRefGroup = 7DED39B91C53874E005143C2 /* Products */;
			projectDirPath = "";
			projectRoot = "";
			targets = (
				7DED39B71C53874E005143C2 /* FinalPennApps */,
				7DED39CD1C53874E005143C2 /* FinalPennAppsTests */,
				7DED39D81C53874E005143C2 /* FinalPennAppsUITests */,
			);
		};
/* End PBXProject section */

/* Begin PBXResourcesBuildPhase section */
		7DED39B61C53874E005143C2 /* Resources */ = {
			isa = PBXResourcesBuildPhase;
			buildActionMask = 2147483647;
			files = (
				7DED39C81C53874E005143C2 /* LaunchScreen.storyboard in Resources */,
				7DED39C51C53874E005143C2 /* Assets.xcassets in Resources */,
				7DED39C31C53874E005143C2 /* Main.storyboard in Resources */,
			);
			runOnlyForDeploymentPostprocessing = 0;
		};
		7DED39CC1C53874E005143C2 /* Resources */ = {
			isa = PBXResourcesBuildPhase;
			buildActionMask = 2147483647;
			files = (
			);
			runOnlyForDeploymentPostprocessing = 0;
		};
		7DED39D71C53874E005143C2 /* Resources */ = {
			isa = PBXResourcesBuildPhase;
			buildActionMask = 2147483647;
			files = (
			);
			runOnlyForDeploymentPostprocessing = 0;
		};
/* End PBXResourcesBuildPhase section */

/* Begin PBXSourcesBuildPhase section */
		7DED39B41C53874E005143C2 /* Sources */ = {
			isa = PBXSourcesBuildPhase;
			buildActionMask = 2147483647;
			files = (
				7DED39C01C53874E005143C2 /* SecondViewController.swift in Sources */,
				7DED39BC1C53874E005143C2 /* AppDelegate.swift in Sources */,
				7DED39EC1C5387D6005143C2 /* ThirdViewController.swift in Sources */,
				7DED39BE1C53874E005143C2 /* FirstViewController.swift in Sources */,
				7DED39EE1C539377005143C2 /* FourthViewController.swift in Sources */,
			);
			runOnlyForDeploymentPostprocessing = 0;
		};
		7DED39CA1C53874E005143C2 /* Sources */ = {
			isa = PBXSourcesBuildPhase;
			buildActionMask = 2147483647;
			files = (
				7DED39D31C53874E005143C2 /* FinalPennAppsTests.swift in Sources */,
			);
			runOnlyForDeploymentPostprocessing = 0;
		};
		7DED39D51C53874E005143C2 /* Sources */ = {
			isa = PBXSourcesBuildPhase;
			buildActionMask = 2147483647;
			files = (
				7DED39DE1C53874E005143C2 /* FinalPennAppsUITests.swift in Sources */,
			);
			runOnlyForDeploymentPostprocessing = 0;
		};
/* End PBXSourcesBuildPhase section */

/* Begin PBXTargetDependency section */
		7DED39D01C53874E005143C2 /* PBXTargetDependency */ = {
			isa = PBXTargetDependency;
			target = 7DED39B71C53874E005143C2 /* FinalPennApps */;
			targetProxy = 7DED39CF1C53874E005143C2 /* PBXContainerItemProxy */;
		};
		7DED39DB1C53874E005143C2 /* PBXTargetDependency */ = {
			isa = PBXTargetDependency;
			target = 7DED39B71C53874E005143C2 /* FinalPennApps */;
			targetProxy = 7DED39DA1C53874E005143C2 /* PBXContainerItemProxy */;
		};
/* End PBXTargetDependency section */

/* Begin PBXVariantGroup section */
		7DED39C11C53874E005143C2 /* Main.storyboard */ = {
			isa = PBXVariantGroup;
			children = (
				7DED39C21C53874E005143C2 /* Base */,
			);
			name = Main.storyboard;
			sourceTree = "<group>";
		};
		7DED39C61C53874E005143C2 /* LaunchScreen.storyboard */ = {
			isa = PBXVariantGroup;
			children = (
				7DED39C71C53874E005143C2 /* Base */,
			);
			name = LaunchScreen.storyboard;
			sourceTree = "<group>";
		};
/* End PBXVariantGroup section */

/* Begin XCBuildConfiguration section */
		7DED39E01C53874E005143C2 /* Debug */ = {
			isa = XCBuildConfiguration;
			buildSettings = {
				ALWAYS_SEARCH_USER_PATHS = NO;
				CLANG_CXX_LANGUAGE_STANDARD = "gnu++0x";
				CLANG_CXX_LIBRARY = "libc++";
				CLANG_ENABLE_MODULES = YES;
				CLANG_ENABLE_OBJC_ARC = YES;
				CLANG_WARN_BOOL_CONVERSION = YES;
				CLANG_WARN_CONSTANT_CONVERSION = YES;
				CLANG_WARN_DIRECT_OBJC_ISA_USAGE = YES_ERROR;
				CLANG_WARN_EMPTY_BODY = YES;
				CLANG_WARN_ENUM_CONVERSION = YES;
				CLANG_WARN_INT_CONVERSION = YES;
				CLANG_WARN_OBJC_ROOT_CLASS = YES_ERROR;
				CLANG_WARN_UNREACHABLE_CODE = YES;
				CLANG_WARN__DUPLICATE_METHOD_MATCH = YES;
				"CODE_SIGN_IDENTITY[sdk=iphoneos*]" = "iPhone Developer";
				COPY_PHASE_STRIP = NO;
				DEBUG_INFORMATION_FORMAT = dwarf;
				ENABLE_STRICT_OBJC_MSGSEND = YES;
				ENABLE_TESTABILITY = YES;
				GCC_C_LANGUAGE_STANDARD = gnu99;
				GCC_DYNAMIC_NO_PIC = NO;
				GCC_NO_COMMON_BLOCKS = YES;
				GCC_OPTIMIZATION_LEVEL = 0;
				GCC_PREPROCESSOR_DEFINITIONS = (
					"DEBUG=1",
					"$(inherited)",
				);
				GCC_WARN_64_TO_32_BIT_CONVERSION = YES;
				GCC_WARN_ABOUT_RETURN_TYPE = YES_ERROR;
				GCC_WARN_UNDECLARED_SELECTOR = YES;
				GCC_WARN_UNINITIALIZED_AUTOS = YES_AGGRESSIVE;
				GCC_WARN_UNUSED_FUNCTION = YES;
				GCC_WARN_UNUSED_VARIABLE = YES;
				IPHONEOS_DEPLOYMENT_TARGET = 9.2;
				MTL_ENABLE_DEBUG_INFO = YES;
				ONLY_ACTIVE_ARCH = YES;
				SDKROOT = iphoneos;
				SWIFT_OPTIMIZATION_LEVEL = "-Onone";
			};
			name = Debug;
		};
		7DED39E11C53874E005143C2 /* Release */ = {
			isa = XCBuildConfiguration;
			buildSettings = {
				ALWAYS_SEARCH_USER_PATHS = NO;
				CLANG_CXX_LANGUAGE_STANDARD = "gnu++0x";
				CLANG_CXX_LIBRARY = "libc++";
				CLANG_ENABLE_MODULES = YES;
				CLANG_ENABLE_OBJC_ARC = YES;
				CLANG_WARN_BOOL_CONVERSION = YES;
				CLANG_WARN_CONSTANT_CONVERSION = YES;
				CLANG_WARN_DIRECT_OBJC_ISA_USAGE = YES_ERROR;
				CLANG_WARN_EMPTY_BODY = YES;
				CLANG_WARN_ENUM_CONVERSION = YES;
				CLANG_WARN_INT_CONVERSION = YES;
				CLANG_WARN_OBJC_ROOT_CLASS = YES_ERROR;
				CLANG_WARN_UNREACHABLE_CODE = YES;
				CLANG_WARN__DUPLICATE_METHOD_MATCH = YES;
				"CODE_SIGN_IDENTITY[sdk=iphoneos*]" = "iPhone Developer";
				COPY_PHASE_STRIP = NO;
				DEBUG_INFORMATION_FORMAT = "dwarf-with-dsym";
				ENABLE_NS_ASSERTIONS = NO;
				ENABLE_STRICT_OBJC_MSGSEND = YES;
				GCC_C_LANGUAGE_STANDARD = gnu99;
				GCC_NO_COMMON_BLOCKS = YES;
				GCC_WARN_64_TO_32_BIT_CONVERSION = YES;
				GCC_WARN_ABOUT_RETURN_TYPE = YES_ERROR;
				GCC_WARN_UNDECLARED_SELECTOR = YES;
				GCC_WARN_UNINITIALIZED_AUTOS = YES_AGGRESSIVE;
				GCC_WARN_UNUSED_FUNCTION = YES;
				GCC_WARN_UNUSED_VARIABLE = YES;
				IPHONEOS_DEPLOYMENT_TARGET = 9.2;
				MTL_ENABLE_DEBUG_INFO = NO;
				SDKROOT = iphoneos;
				VALIDATE_PRODUCT = YES;
			};
			name = Release;
		};
		7DED39E31C53874E005143C2 /* Debug */ = {
			isa = XCBuildConfiguration;
			buildSettings = {
				ASSETCATALOG_COMPILER_APPICON_NAME = AppIcon;
				INFOPLIST_FILE = FinalPennApps/Info.plist;
				LD_RUNPATH_SEARCH_PATHS = "$(inherited) @executable_path/Frameworks";
				PRODUCT_BUNDLE_IDENTIFIER = jessie.FinalPennApps;
				PRODUCT_NAME = "$(TARGET_NAME)";
			};
			name = Debug;
		};
		7DED39E41C53874E005143C2 /* Release */ = {
			isa = XCBuildConfiguration;
			buildSettings = {
				ASSETCATALOG_COMPILER_APPICON_NAME = AppIcon;
				INFOPLIST_FILE = FinalPennApps/Info.plist;
				LD_RUNPATH_SEARCH_PATHS = "$(inherited) @executable_path/Frameworks";
				PRODUCT_BUNDLE_IDENTIFIER = jessie.FinalPennApps;
				PRODUCT_NAME = "$(TARGET_NAME)";
			};
			name = Release;
		};
		7DED39E61C53874E005143C2 /* Debug */ = {
			isa = XCBuildConfiguration;
			buildSettings = {
				BUNDLE_LOADER = "$(TEST_HOST)";
				INFOPLIST_FILE = FinalPennAppsTests/Info.plist;
				LD_RUNPATH_SEARCH_PATHS = "$(inherited) @executable_path/Frameworks @loader_path/Frameworks";
				PRODUCT_BUNDLE_IDENTIFIER = jessie.FinalPennAppsTests;
				PRODUCT_NAME = "$(TARGET_NAME)";
				TEST_HOST = "$(BUILT_PRODUCTS_DIR)/FinalPennApps.app/FinalPennApps";
			};
			name = Debug;
		};
		7DED39E71C53874E005143C2 /* Release */ = {
			isa = XCBuildConfiguration;
			buildSettings = {
				BUNDLE_LOADER = "$(TEST_HOST)";
				INFOPLIST_FILE = FinalPennAppsTests/Info.plist;
				LD_RUNPATH_SEARCH_PATHS = "$(inherited) @executable_path/Frameworks @loader_path/Frameworks";
				PRODUCT_BUNDLE_IDENTIFIER = jessie.FinalPennAppsTests;
				PRODUCT_NAME = "$(TARGET_NAME)";
				TEST_HOST = "$(BUILT_PRODUCTS_DIR)/FinalPennApps.app/FinalPennApps";
			};
			name = Release;
		};
		7DED39E91C53874E005143C2 /* Debug */ = {
			isa = XCBuildConfiguration;
			buildSettings = {
				INFOPLIST_FILE = FinalPennAppsUITests/Info.plist;
				LD_RUNPATH_SEARCH_PATHS = "$(inherited) @executable_path/Frameworks @loader_path/Frameworks";
				PRODUCT_BUNDLE_IDENTIFIER = jessie.FinalPennAppsUITests;
				PRODUCT_NAME = "$(TARGET_NAME)";
				TEST_TARGET_NAME = FinalPennApps;
				USES_XCTRUNNER = YES;
			};
			name = Debug;
		};
		7DED39EA1C53874E005143C2 /* Release */ = {
			isa = XCBuildConfiguration;
			buildSettings = {
				INFOPLIST_FILE = FinalPennAppsUITests/Info.plist;
				LD_RUNPATH_SEARCH_PATHS = "$(inherited) @executable_path/Frameworks @loader_path/Frameworks";
				PRODUCT_BUNDLE_IDENTIFIER = jessie.FinalPennAppsUITests;
				PRODUCT_NAME = "$(TARGET_NAME)";
				TEST_TARGET_NAME = FinalPennApps;
				USES_XCTRUNNER = YES;
			};
			name = Release;
		};
/* End XCBuildConfiguration section */

/* Begin XCConfigurationList section */
		7DED39B31C53874E005143C2 /* Build configuration list for PBXProject "FinalPennApps" */ = {
			isa = XCConfigurationList;
			buildConfigurations = (
				7DED39E01C53874E005143C2 /* Debug */,
				7DED39E11C53874E005143C2 /* Release */,
			);
			defaultConfigurationIsVisible = 0;
			defaultConfigurationName = Release;
		};
		7DED39E21C53874E005143C2 /* Build configuration list for PBXNativeTarget "FinalPennApps" */ = {
			isa = XCConfigurationList;
			buildConfigurations = (
				7DED39E31C53874E005143C2 /* Debug */,
				7DED39E41C53874E005143C2 /* Release */,
			);
			defaultConfigurationIsVisible = 0;
		};
		7DED39E51C53874E005143C2 /* Build configuration list for PBXNativeTarget "FinalPennAppsTests" */ = {
			isa = XCConfigurationList;
			buildConfigurations = (
				7DED39E61C53874E005143C2 /* Debug */,
				7DED39E71C53874E005143C2 /* Release */,
			);
			defaultConfigurationIsVisible = 0;
		};
		7DED39E81C53874E005143C2 /* Build configuration list for PBXNativeTarget "FinalPennAppsUITests" */ = {
			isa = XCConfigurationList;
			buildConfigurations = (
				7DED39E91C53874E005143C2 /* Debug */,
				7DED39EA1C53874E005143C2 /* Release */,
			);
			defaultConfigurationIsVisible = 0;
		};
/* End XCConfigurationList section */
	};
	rootObject = 7DED39B01C53874E005143C2 /* Project object */;
}
